
Microsoft Visual Studio Solution File, Format Version 12.00
# Visual Studio 15
VisualStudioVersion = 15.0.28307.329
MinimumVisualStudioVersion = 10.0.40219.1
Project("{FAE04EC0-301F-11D3-BF4B-00C04F79EFBC}") = "QldFunFacts.Android", "QldFunFacts\QldFunFacts.Android\QldFunFacts.Android.csproj", "{A521EE8A-5627-4C38-8A56-12CFF8F150CC}"
EndProject
Project("{FAE04EC0-301F-11D3-BF4B-00C04F79EFBC}") = "QldFunFacts.iOS", "QldFunFacts\QldFunFacts.iOS\QldFunFacts.iOS.csproj", "{57D1E314-D48D-46B7-B39A-B05E73BB380D}"
EndProject
Project("{FAE04EC0-301F-11D3-BF4B-00C04F79EFBC}") = "QldFunFacts", "QldFunFacts\QldFunFacts\QldFunFacts.csproj", "{6C046050-F22E-40AA-A509-D6CBDE047D3D}"
EndProject
Global
	GlobalSection(SolutionConfigurationPlatforms) = preSolution
		Ad-Hoc|Any CPU = Ad-Hoc|Any CPU
		Ad-Hoc|iPhone = Ad-Hoc|iPhone
		Ad-Hoc|iPhoneSimulator = Ad-Hoc|iPhoneSimulator
		AppStore|Any CPU = AppStore|Any CPU
		AppStore|iPhone = AppStore|iPhone
		AppStore|iPhoneSimulator = AppStore|iPhoneSimulator
		Debug|Any CPU = Debug|Any CPU
		Debug|iPhone = Debug|iPhone
		Debug|iPhoneSimulator = Debug|iPhoneSimulator
		Release|Any CPU = Release|Any CPU
		Release|iPhone = Release|iPhone
		Release|iPhoneSimulator = Release|iPhoneSimulator
	EndGlobalSection
	GlobalSection(ProjectConfigurationPlatforms) = postSolution
		{A521EE8A-5627-4C38-8A56-12CFF8F150CC}.Ad-Hoc|Any CPU.ActiveCfg = Release|Any CPU
		{A521EE8A-5627-4C38-8A56-12CFF8F150CC}.Ad-Hoc|Any CPU.Build.0 = Release|Any CPU
		{A521EE8A-5627-4C38-8A56-12CFF8F150CC}.Ad-Hoc|Any CPU.Deploy.0 = Release|Any CPU
		{A521EE8A-5627-4C38-8A56-12CFF8F150CC}.Ad-Hoc|iPhone.ActiveCfg = Release|Any CPU
		{A521EE8A-5627-4C38-8A56-12CFF8F150CC}.Ad-Hoc|iPhone.Build.0 = Release|Any CPU
		{A521EE8A-5627-4C38-8A56-12CFF8F150CC}.Ad-Hoc|iPhone.Deploy.0 = Release|Any CPU
		{A521EE8A-5627-4C38-8A56-12CFF8F150CC}.Ad-Hoc|iPhoneSimulator.ActiveCfg = Release|Any CPU
		{A521EE8A-5627-4C38-8A56-12CFF8F150CC}.Ad-Hoc|iPhoneSimulator.Build.0 = Release|Any CPU
		{A521EE8A-5627-4C38-8A56-12CFF8F150CC}.Ad-Hoc|iPhoneSimulator.Deploy.0 = Release|Any CPU
		{A521EE8A-5627-4C38-8A56-12CFF8F150CC}.AppStore|Any CPU.ActiveCfg = Release|Any CPU
		{A521EE8A-5627-4C38-8A56-12CFF8F150CC}.AppStore|Any CPU.Build.0 = Release|Any CPU
		{A521EE8A-5627-4C38-8A56-12CFF8F150CC}.AppStore|Any CPU.Deploy.0 = Release|Any CPU
		{A521EE8A-5627-4C38-8A56-12CFF8F150CC}.AppStore|iPhone.ActiveCfg = Release|Any CPU
		{A521EE8A-5627-4C38-8A56-12CFF8F150CC}.AppStore|iPhone.Build.0 = Release|Any CPU
		{A521EE8A-5627-4C38-8A56-12CFF8F150CC}.AppStore|iPhone.Deploy.0 = Release|Any CPU
		{A521EE8A-5627-4C38-8A56-12CFF8F150CC}.AppStore|iPhoneSimulator.ActiveCfg = Release|Any CPU
		{A521EE8A-5627-4C38-8A56-12CFF8F150CC}.AppStore|iPhoneSimulator.Build.0 = Release|Any CPU
		{A521EE8A-5627-4C38-8A56-12CFF8F150CC}.AppStore|iPhoneSimulator.Deploy.0 = Release|Any CPU
		{A521EE8A-5627-4C38-8A56-12CFF8F150CC}.Debug|Any CPU.ActiveCfg = Debug|Any CPU
		{A521EE8A-5627-4C38-8A56-12CFF8F150CC}.Debug|Any CPU.Build.0 = Debug|Any CPU
		{A521EE8A-5627-4C38-8A56-12CFF8F150CC}.Debug|Any CPU.Deploy.0 = Debug|Any CPU
		{A521EE8A-5627-4C38-8A56-12CFF8F150CC}.Debug|iPhone.ActiveCfg = Debug|Any CPU
		{A521EE8A-5627-4C38-8A56-12CFF8F150CC}.Debug|iPhone.Build.0 = Debug|Any CPU
		{A521EE8A-5627-4C38-8A56-12CFF8F150CC}.Debug|iPhone.Deploy.0 = Debug|Any CPU
		{A521EE8A-5627-4C38-8A56-12CFF8F150CC}.Debug|iPhoneSimulator.ActiveCfg = Debug|Any CPU
		{A521EE8A-5627-4C38-8A56-12CFF8F150CC}.Debug|iPhoneSimulator.Build.0 = Debug|Any CPU
		{A521EE8A-5627-4C38-8A56-12CFF8F150CC}.Debug|iPhoneSimulator.Deploy.0 = Debug|Any CPU
		{A521EE8A-5627-4C38-8A56-12CFF8F150CC}.Release|Any CPU.ActiveCfg = Release|Any CPU
		{A521EE8A-5627-4C38-8A56-12CFF8F150CC}.Release|Any CPU.Build.0 = Release|Any CPU
		{A521EE8A-5627-4C38-8A56-12CFF8F150CC}.Release|Any CPU.Deploy.0 = Release|Any CPU
		{A521EE8A-5627-4C38-8A56-12CFF8F150CC}.Release|iPhone.ActiveCfg = Release|Any CPU
		{A521EE8A-5627-4C38-8A56-12CFF8F150CC}.Release|iPhone.Build.0 = Release|Any CPU
		{A521EE8A-5627-4C38-8A56-12CFF8F150CC}.Release|iPhone.Deploy.0 = Release|Any CPU
		{A521EE8A-5627-4C38-8A56-12CFF8F150CC}.Release|iPhoneSimulator.ActiveCfg = Release|Any CPU
		{A521EE8A-5627-4C38-8A56-12CFF8F150CC}.Release|iPhoneSimulator.Build.0 = Release|Any CPU
		{A521EE8A-5627-4C38-8A56-12CFF8F150CC}.Release|iPhoneSimulator.Deploy.0 = Release|Any CPU
		{57D1E314-D48D-46B7-B39A-B05E73BB380D}.Ad-Hoc|Any CPU.ActiveCfg = Ad-Hoc|iPhone
		{57D1E314-D48D-46B7-B39A-B05E73BB380D}.Ad-Hoc|Any CPU.Build.0 = Ad-Hoc|iPhone
		{57D1E314-D48D-46B7-B39A-B05E73BB380D}.Ad-Hoc|Any CPU.Deploy.0 = Ad-Hoc|iPhone
		{57D1E314-D48D-46B7-B39A-B05E73BB380D}.Ad-Hoc|iPhone.ActiveCfg = Ad-Hoc|iPhone
		{57D1E314-D48D-46B7-B39A-B05E73BB380D}.Ad-Hoc|iPhone.Build.0 = Ad-Hoc|iPhone
		{57D1E314-D48D-46B7-B39A-B05E73BB380D}.Ad-Hoc|iPhone.Deploy.0 = Ad-Hoc|iPhone
		{57D1E314-D48D-46B7-B39A-B05E73BB380D}.Ad-Hoc|iPhoneSimulator.ActiveCfg = Ad-Hoc|iPhoneSimulator
		{57D1E314-D48D-46B7-B39A-B05E73BB380D}.Ad-Hoc|iPhoneSimulator.Build.0 = Ad-Hoc|iPhoneSimulator
		{57D1E314-D48D-46B7-B39A-B05E73BB380D}.Ad-Hoc|iPhoneSimulator.Deploy.0 = Ad-Hoc|iPhoneSimulator
		{57D1E314-D48D-46B7-B39A-B05E73BB380D}.AppStore|Any CPU.ActiveCfg = AppStore|iPhone
		{57D1E314-D48D-46B7-B39A-B05E73BB380D}.AppStore|Any CPU.Build.0 = AppStore|iPhone
		{57D1E314-D48D-46B7-B39A-B05E73BB380D}.AppStore|Any CPU.Deploy.0 = AppStore|iPhone
		{57D1E314-D48D-46B7-B39A-B05E73BB380D}.AppStore|iPhone.ActiveCfg = AppStore|iPhone
		{57D1E314-D48D-46B7-B39A-B05E73BB380D}.AppStore|iPhone.Build.0 = AppStore|iPhone
		{57D1E314-D48D-46B7-B39A-B05E73BB380D}.AppStore|iPhone.Deploy.0 = AppStore|iPhone
		{57D1E314-D48D-46B7-B39A-B05E73BB380D}.AppStore|iPhoneSimulator.ActiveCfg = AppStore|iPhoneSimulator
		{57D1E314-D48D-46B7-B39A-B05E73BB380D}.AppStore|iPhoneSimulator.Build.0 = AppStore|iPhoneSimulator
		{57D1E314-D48D-46B7-B39A-B05E73BB380D}.AppStore|iPhoneSimulator.Deploy.0 = AppStore|iPhoneSimulator
		{57D1E314-D48D-46B7-B39A-B05E73BB380D}.Debug|Any CPU.ActiveCfg = Debug|iPhoneSimulator
		{57D1E314-D48D-46B7-B39A-B05E73BB380D}.Debug|Any CPU.Build.0 = Debug|iPhoneSimulator
		{57D1E314-D48D-46B7-B39A-B05E73BB380D}.Debug|Any CPU.Deploy.0 = Debug|iPhoneSimulator
		{57D1E314-D48D-46B7-B39A-B05E73BB380D}.Debug|iPhone.ActiveCfg = Debug|iPhone
		{57D1E314-D48D-46B7-B39A-B05E73BB380D}.Debug|iPhone.Build.0 = Debug|iPhone
		{57D1E314-D48D-46B7-B39A-B05E73BB380D}.Debug|iPhone.Deploy.0 = Debug|iPhone
		{57D1E314-D48D-46B7-B39A-B05E73BB380D}.Debug|iPhoneSimulator.ActiveCfg = Debug|iPhoneSimulator
		{57D1E314-D48D-46B7-B39A-B05E73BB380D}.Debug|iPhoneSimulator.Build.0 = Debug|iPhoneSimulator
		{57D1E314-D48D-46B7-B39A-B05E73BB380D}.Debug|iPhoneSimulator.Deploy.0 = Debug|iPhoneSimulator
		{57D1E314-D48D-46B7-B39A-B05E73BB380D}.Release|Any CPU.ActiveCfg = Release|iPhone
		{57D1E314-D48D-46B7-B39A-B05E73BB380D}.Release|Any CPU.Build.0 = Release|iPhone
		{57D1E314-D48D-46B7-B39A-B05E73BB380D}.Release|Any CPU.Deploy.0 = Release|iPhone
		{57D1E314-D48D-46B7-B39A-B05E73BB380D}.Release|iPhone.ActiveCfg = Release|iPhone
		{57D1E314-D48D-46B7-B39A-B05E73BB380D}.Release|iPhone.Build.0 = Release|iPhone
		{57D1E314-D48D-46B7-B39A-B05E73BB380D}.Release|iPhone.Deploy.0 = Release|iPhone
		{57D1E314-D48D-46B7-B39A-B05E73BB380D}.Release|iPhoneSimulator.ActiveCfg = Release|iPhoneSimulator
		{57D1E314-D48D-46B7-B39A-B05E73BB380D}.Release|iPhoneSimulator.Build.0 = Release|iPhoneSimulator
		{57D1E314-D48D-46B7-B39A-B05E73BB380D}.Release|iPhoneSimulator.Deploy.0 = Release|iPhoneSimulator
		{6C046050-F22E-40AA-A509-D6CBDE047D3D}.Ad-Hoc|Any CPU.ActiveCfg = Debug|Any CPU
		{6C046050-F22E-40AA-A509-D6CBDE047D3D}.Ad-Hoc|Any CPU.Build.0 = Debug|Any CPU
		{6C046050-F22E-40AA-A509-D6CBDE047D3D}.Ad-Hoc|Any CPU.Deploy.0 = Debug|Any CPU
		{6C046050-F22E-40AA-A509-D6CBDE047D3D}.Ad-Hoc|iPhone.ActiveCfg = Debug|Any CPU
		{6C046050-F22E-40AA-A509-D6CBDE047D3D}.Ad-Hoc|iPhone.Build.0 = Debug|Any CPU
		{6C046050-F22E-40AA-A509-D6CBDE047D3D}.Ad-Hoc|iPhone.Deploy.0 = Debug|Any CPU
		{6C046050-F22E-40AA-A509-D6CBDE047D3D}.Ad-Hoc|iPhoneSimulator.ActiveCfg = Debug|Any CPU
		{6C046050-F22E-40AA-A509-D6CBDE047D3D}.Ad-Hoc|iPhoneSimulator.Build.0 = Debug|Any CPU
		{6C046050-F22E-40AA-A509-D6CBDE047D3D}.Ad-Hoc|iPhoneSimulator.Deploy.0 = Debug|Any CPU
		{6C046050-F22E-40AA-A509-D6CBDE047D3D}.AppStore|Any CPU.ActiveCfg = Debug|Any CPU
		{6C046050-F22E-40AA-A509-D6CBDE047D3D}.AppStore|Any CPU.Build.0 = Debug|Any CPU
		{6C046050-F22E-40AA-A509-D6CBDE047D3D}.AppStore|Any CPU.Deploy.0 = Debug|Any CPU
		{6C046050-F22E-40AA-A509-D6CBDE047D3D}.AppStore|iPhone.ActiveCfg = Debug|Any CPU
		{6C046050-F22E-40AA-A509-D6CBDE047D3D}.AppStore|iPhone.Build.0 = Debug|Any CPU
		{6C046050-F22E-40AA-A509-D6CBDE047D3D}.AppStore|iPhone.Deploy.0 = Debug|Any CPU
		{6C046050-F22E-40AA-A509-D6CBDE047D3D}.AppStore|iPhoneSimulator.ActiveCfg = Debug|Any CPU
		{6C046050-F22E-40AA-A509-D6CBDE047D3D}.AppStore|iPhoneSimulator.Build.0 = Debug|Any CPU
		{6C046050-F22E-40AA-A509-D6CBDE047D3D}.AppStore|iPhoneSimulator.Deploy.0 = Debug|Any CPU
		{6C046050-F22E-40AA-A509-D6CBDE047D3D}.Debug|Any CPU.ActiveCfg = Debug|Any CPU
		{6C046050-F22E-40AA-A509-D6CBDE047D3D}.Debug|Any CPU.Build.0 = Debug|Any CPU
		{6C046050-F22E-40AA-A509-D6CBDE047D3D}.Debug|Any CPU.Deploy.0 = Debug|Any CPU
		{6C046050-F22E-40AA-A509-D6CBDE047D3D}.Debug|iPhone.ActiveCfg = Debug|Any CPU
		{6C046050-F22E-40AA-A509-D6CBDE047D3D}.Debug|iPhone.Build.0 = Debug|Any CPU
		{6C046050-F22E-40AA-A509-D6CBDE047D3D}.Debug|iPhone.Deploy.0 = Debug|Any CPU
		{6C046050-F22E-40AA-A509-D6CBDE047D3D}.Debug|iPhoneSimulator.ActiveCfg = Debug|Any CPU
		{6C046050-F22E-40AA-A509-D6CBDE047D3D}.Debug|iPhoneSimulator.Build.0 = Debug|Any CPU
		{6C046050-F22E-40AA-A509-D6CBDE047D3D}.Debug|iPhoneSimulator.Deploy.0 = Debug|Any CPU
		{6C046050-F22E-40AA-A509-D6CBDE047D3D}.Release|Any CPU.ActiveCfg = Release|Any CPU
		{6C046050-F22E-40AA-A509-D6CBDE047D3D}.Release|Any CPU.Build.0 = Release|Any CPU
		{6C046050-F22E-40AA-A509-D6CBDE047D3D}.Release|Any CPU.Deploy.0 = Release|Any CPU
		{6C046050-F22E-40AA-A509-D6CBDE047D3D}.Release|iPhone.ActiveCfg = Release|Any CPU
		{6C046050-F22E-40AA-A509-D6CBDE047D3D}.Release|iPhone.Build.0 = Release|Any CPU
		{6C046050-F22E-40AA-A509-D6CBDE047D3D}.Release|iPhone.Deploy.0 = Release|Any CPU
		{6C046050-F22E-40AA-A509-D6CBDE047D3D}.Release|iPhoneSimulator.ActiveCfg = Release|Any CPU
		{6C046050-F22E-40AA-A509-D6CBDE047D3D}.Release|iPhoneSimulator.Build.0 = Release|Any CPU
		{6C046050-F22E-40AA-A509-D6CBDE047D3D}.Release|iPhoneSimulator.Deploy.0 = Release|Any CPU
	EndGlobalSection
	GlobalSection(SolutionProperties) = preSolution
		HideSolutionNode = FALSE
	EndGlobalSection
	GlobalSection(ExtensibilityGlobals) = postSolution
		SolutionGuid = {735B555E-5599-4A1A-93A7-ED751385CD7E}
	EndGlobalSection
EndGlobal
